// !$*UTF8*$!
{
	archiveVersion = 1;
	classes = {
	};
	objectVersion = 60;
	objects = {

/* Begin PBXBuildFile section */
		940174512A777BE400BA34D2 /* MacaoDemoApp.swift in Sources */ = {isa = PBXBuildFile; fileRef = 940174502A777BE400BA34D2 /* MacaoDemoApp.swift */; };
		940174532A777BE400BA34D2 /* ContentView.swift in Sources */ = {isa = PBXBuildFile; fileRef = 940174522A777BE400BA34D2 /* ContentView.swift */; };
		940174552A777BE500BA34D2 /* Assets.xcassets in Resources */ = {isa = PBXBuildFile; fileRef = 940174542A777BE500BA34D2 /* Assets.xcassets */; };
		940174592A777BE500BA34D2 /* Preview Assets.xcassets in Resources */ = {isa = PBXBuildFile; fileRef = 940174582A777BE500BA34D2 /* Preview Assets.xcassets */; };
		940174632A777BE500BA34D2 /* iOSDemoAppTests.swift in Sources */ = {isa = PBXBuildFile; fileRef = 940174622A777BE500BA34D2 /* iOSDemoAppTests.swift */; };
		9401746D2A777BE500BA34D2 /* iOSDemoAppUITests.swift in Sources */ = {isa = PBXBuildFile; fileRef = 9401746C2A777BE500BA34D2 /* iOSDemoAppUITests.swift */; };
		9401746F2A777BE500BA34D2 /* iOSDemoAppUITestsLaunchTests.swift in Sources */ = {isa = PBXBuildFile; fileRef = 9401746E2A777BE500BA34D2 /* iOSDemoAppUITestsLaunchTests.swift */; };
		948FD8CF2B4D0A3600A9B754 /* iOSDemoAppPackage in Frameworks */ = {isa = PBXBuildFile; platformFilter = ios; productRef = 948FD8CE2B4D0A3600A9B754 /* iOSDemoAppPackage */; };
		94D867142C006A4F00CA8E7F /* FirebaseAuthKmp in Frameworks */ = {isa = PBXBuildFile; productRef = 94D867132C006A4F00CA8E7F /* FirebaseAuthKmp */; };
		94D9FB7B2B32A74C004396A2 /* GoogleService-Info.plist in Resources */ = {isa = PBXBuildFile; fileRef = 94D9FB7A2B32A74C004396A2 /* GoogleService-Info.plist */; };
		94D9FB7C2B32A74C004396A2 /* GoogleService-Info.plist in Resources */ = {isa = PBXBuildFile; fileRef = 94D9FB7A2B32A74C004396A2 /* GoogleService-Info.plist */; };
		94D9FB7D2B32A74C004396A2 /* GoogleService-Info.plist in Resources */ = {isa = PBXBuildFile; fileRef = 94D9FB7A2B32A74C004396A2 /* GoogleService-Info.plist */; };
/* End PBXBuildFile section */

/* Begin PBXContainerItemProxy section */
		9401745F2A777BE500BA34D2 /* PBXContainerItemProxy */ = {
			isa = PBXContainerItemProxy;
			containerPortal = 940174452A777BE400BA34D2 /* Project object */;
			proxyType = 1;
			remoteGlobalIDString = 9401744C2A777BE400BA34D2;
			remoteInfo = iOSDemoApp;
		};
		940174692A777BE500BA34D2 /* PBXContainerItemProxy */ = {
			isa = PBXContainerItemProxy;
			containerPortal = 940174452A777BE400BA34D2 /* Project object */;
			proxyType = 1;
			remoteGlobalIDString = 9401744C2A777BE400BA34D2;
			remoteInfo = iOSDemoApp;
		};
/* End PBXContainerItemProxy section */

/* Begin PBXFileReference section */
		9401744D2A777BE400BA34D2 /* iOSDemoApp.app */ = {isa = PBXFileReference; explicitFileType = wrapper.application; includeInIndex = 0; path = iOSDemoApp.app; sourceTree = BUILT_PRODUCTS_DIR; };
		940174502A777BE400BA34D2 /* MacaoDemoApp.swift */ = {isa = PBXFileReference; lastKnownFileType = sourcecode.swift; path = MacaoDemoApp.swift; sourceTree = "<group>"; };
		940174522A777BE400BA34D2 /* ContentView.swift */ = {isa = PBXFileReference; lastKnownFileType = sourcecode.swift; path = ContentView.swift; sourceTree = "<group>"; };
		940174542A777BE500BA34D2 /* Assets.xcassets */ = {isa = PBXFileReference; lastKnownFileType = folder.assetcatalog; path = Assets.xcassets; sourceTree = "<group>"; };
		940174562A777BE500BA34D2 /* iOSDemoApp.entitlements */ = {isa = PBXFileReference; lastKnownFileType = text.plist.entitlements; path = iOSDemoApp.entitlements; sourceTree = "<group>"; };
		940174582A777BE500BA34D2 /* Preview Assets.xcassets */ = {isa = PBXFileReference; lastKnownFileType = folder.assetcatalog; path = "Preview Assets.xcassets"; sourceTree = "<group>"; };
		9401745E2A777BE500BA34D2 /* iOSDemoAppTests.xctest */ = {isa = PBXFileReference; explicitFileType = wrapper.cfbundle; includeInIndex = 0; path = iOSDemoAppTests.xctest; sourceTree = BUILT_PRODUCTS_DIR; };
		940174622A777BE500BA34D2 /* iOSDemoAppTests.swift */ = {isa = PBXFileReference; lastKnownFileType = sourcecode.swift; path = iOSDemoAppTests.swift; sourceTree = "<group>"; };
		940174682A777BE500BA34D2 /* iOSDemoAppUITests.xctest */ = {isa = PBXFileReference; explicitFileType = wrapper.cfbundle; includeInIndex = 0; path = iOSDemoAppUITests.xctest; sourceTree = BUILT_PRODUCTS_DIR; };
		9401746C2A777BE500BA34D2 /* iOSDemoAppUITests.swift */ = {isa = PBXFileReference; lastKnownFileType = sourcecode.swift; path = iOSDemoAppUITests.swift; sourceTree = "<group>"; };
		9401746E2A777BE500BA34D2 /* iOSDemoAppUITestsLaunchTests.swift */ = {isa = PBXFileReference; lastKnownFileType = sourcecode.swift; path = iOSDemoAppUITestsLaunchTests.swift; sourceTree = "<group>"; };
		948FD8CC2B4D065500A9B754 /* iOSDemoAppPackage */ = {isa = PBXFileReference; lastKnownFileType = text; path = iOSDemoAppPackage; sourceTree = SOURCE_ROOT; };
		94B106382B2344BF0026F741 /* Info.plist */ = {isa = PBXFileReference; lastKnownFileType = text.plist; path = Info.plist; sourceTree = "<group>"; };
		94D9FB7A2B32A74C004396A2 /* GoogleService-Info.plist */ = {isa = PBXFileReference; fileEncoding = 4; lastKnownFileType = text.plist.xml; path = "GoogleService-Info.plist"; sourceTree = "<group>"; };
/* End PBXFileReference section */

/* Begin PBXFrameworksBuildPhase section */
		9401744A2A777BE400BA34D2 /* Frameworks */ = {
			isa = PBXFrameworksBuildPhase;
			buildActionMask = 2147483647;
			files = (
				94D867142C006A4F00CA8E7F /* FirebaseAuthKmp in Frameworks */,
				948FD8CF2B4D0A3600A9B754 /* iOSDemoAppPackage in Frameworks */,
			);
			runOnlyForDeploymentPostprocessing = 0;
		};
		9401745B2A777BE500BA34D2 /* Frameworks */ = {
			isa = PBXFrameworksBuildPhase;
			buildActionMask = 2147483647;
			files = (
			);
			runOnlyForDeploymentPostprocessing = 0;
		};
		940174652A777BE500BA34D2 /* Frameworks */ = {
			isa = PBXFrameworksBuildPhase;
			buildActionMask = 2147483647;
			files = (
			);
			runOnlyForDeploymentPostprocessing = 0;
		};
/* End PBXFrameworksBuildPhase section */

/* Begin PBXGroup section */
		940174442A777BE400BA34D2 = {
			isa = PBXGroup;
			children = (
				948FD8CC2B4D065500A9B754 /* iOSDemoAppPackage */,
				9401744F2A777BE400BA34D2 /* iOSDemoApp */,
				940174612A777BE500BA34D2 /* iOSDemoAppTests */,
				9401746B2A777BE500BA34D2 /* iOSDemoAppUITests */,
				9401744E2A777BE400BA34D2 /* Products */,
				94D231612B2308EB00AB1C3C /* Frameworks */,
			);
			sourceTree = "<group>";
		};
		9401744E2A777BE400BA34D2 /* Products */ = {
			isa = PBXGroup;
			children = (
				9401744D2A777BE400BA34D2 /* iOSDemoApp.app */,
				9401745E2A777BE500BA34D2 /* iOSDemoAppTests.xctest */,
				940174682A777BE500BA34D2 /* iOSDemoAppUITests.xctest */,
			);
			name = Products;
			sourceTree = "<group>";
		};
		9401744F2A777BE400BA34D2 /* iOSDemoApp */ = {
			isa = PBXGroup;
			children = (
				94D9FB7A2B32A74C004396A2 /* GoogleService-Info.plist */,
				94B106382B2344BF0026F741 /* Info.plist */,
				940174502A777BE400BA34D2 /* MacaoDemoApp.swift */,
				940174522A777BE400BA34D2 /* ContentView.swift */,
				940174542A777BE500BA34D2 /* Assets.xcassets */,
				940174562A777BE500BA34D2 /* iOSDemoApp.entitlements */,
				940174572A777BE500BA34D2 /* Preview Content */,
			);
			path = iOSDemoApp;
			sourceTree = "<group>";
		};
		940174572A777BE500BA34D2 /* Preview Content */ = {
			isa = PBXGroup;
			children = (
				940174582A777BE500BA34D2 /* Preview Assets.xcassets */,
			);
			path = "Preview Content";
			sourceTree = "<group>";
		};
		940174612A777BE500BA34D2 /* iOSDemoAppTests */ = {
			isa = PBXGroup;
			children = (
				940174622A777BE500BA34D2 /* iOSDemoAppTests.swift */,
			);
			path = iOSDemoAppTests;
			sourceTree = "<group>";
		};
		9401746B2A777BE500BA34D2 /* iOSDemoAppUITests */ = {
			isa = PBXGroup;
			children = (
				9401746C2A777BE500BA34D2 /* iOSDemoAppUITests.swift */,
				9401746E2A777BE500BA34D2 /* iOSDemoAppUITestsLaunchTests.swift */,
			);
			path = iOSDemoAppUITests;
			sourceTree = "<group>";
		};
		94D231612B2308EB00AB1C3C /* Frameworks */ = {
			isa = PBXGroup;
			children = (
			);
			name = Frameworks;
			sourceTree = "<group>";
		};
/* End PBXGroup section */

/* Begin PBXNativeTarget section */
		9401744C2A777BE400BA34D2 /* iOSDemoApp */ = {
			isa = PBXNativeTarget;
			buildConfigurationList = 940174722A777BE500BA34D2 /* Build configuration list for PBXNativeTarget "iOSDemoApp" */;
			buildPhases = (
				94477A4E2C0703C300EF5670 /* Compile Kotlin Framework */,
				940174492A777BE400BA34D2 /* Sources */,
				9401744A2A777BE400BA34D2 /* Frameworks */,
				9401744B2A777BE400BA34D2 /* Resources */,
			);
			buildRules = (
			);
			dependencies = (
			);
			name = iOSDemoApp;
			packageProductDependencies = (
				948FD8CE2B4D0A3600A9B754 /* iOSDemoAppPackage */,
				94D867132C006A4F00CA8E7F /* FirebaseAuthKmp */,
			);
			productName = iOSDemoApp;
			productReference = 9401744D2A777BE400BA34D2 /* iOSDemoApp.app */;
			productType = "com.apple.product-type.application";
		};
		9401745D2A777BE500BA34D2 /* iOSDemoAppTests */ = {
			isa = PBXNativeTarget;
			buildConfigurationList = 940174752A777BE500BA34D2 /* Build configuration list for PBXNativeTarget "iOSDemoAppTests" */;
			buildPhases = (
				9401745A2A777BE500BA34D2 /* Sources */,
				9401745B2A777BE500BA34D2 /* Frameworks */,
				9401745C2A777BE500BA34D2 /* Resources */,
			);
			buildRules = (
			);
			dependencies = (
				940174602A777BE500BA34D2 /* PBXTargetDependency */,
			);
			name = iOSDemoAppTests;
			productName = iOSDemoAppTests;
			productReference = 9401745E2A777BE500BA34D2 /* iOSDemoAppTests.xctest */;
			productType = "com.apple.product-type.bundle.unit-test";
		};
		940174672A777BE500BA34D2 /* iOSDemoAppUITests */ = {
			isa = PBXNativeTarget;
			buildConfigurationList = 940174782A777BE500BA34D2 /* Build configuration list for PBXNativeTarget "iOSDemoAppUITests" */;
			buildPhases = (
				940174642A777BE500BA34D2 /* Sources */,
				940174652A777BE500BA34D2 /* Frameworks */,
				940174662A777BE500BA34D2 /* Resources */,
			);
			buildRules = (
			);
			dependencies = (
				9401746A2A777BE500BA34D2 /* PBXTargetDependency */,
			);
			name = iOSDemoAppUITests;
			productName = iOSDemoAppUITests;
			productReference = 940174682A777BE500BA34D2 /* iOSDemoAppUITests.xctest */;
			productType = "com.apple.product-type.bundle.ui-testing";
		};
/* End PBXNativeTarget section */

/* Begin PBXProject section */
		940174452A777BE400BA34D2 /* Project object */ = {
			isa = PBXProject;
			attributes = {
				BuildIndependentTargetsInParallel = 1;
				LastSwiftUpdateCheck = 1430;
				LastUpgradeCheck = 1430;
				TargetAttributes = {
					9401744C2A777BE400BA34D2 = {
						CreatedOnToolsVersion = 14.3.1;
					};
					9401745D2A777BE500BA34D2 = {
						CreatedOnToolsVersion = 14.3.1;
						TestTargetID = 9401744C2A777BE400BA34D2;
					};
					940174672A777BE500BA34D2 = {
						CreatedOnToolsVersion = 14.3.1;
						TestTargetID = 9401744C2A777BE400BA34D2;
					};
				};
			};
			buildConfigurationList = 940174482A777BE400BA34D2 /* Build configuration list for PBXProject "iOSDemoApp" */;
			compatibilityVersion = "Xcode 14.0";
			developmentRegion = en;
			hasScannedForEncodings = 0;
			knownRegions = (
				en,
				Base,
			);
			mainGroup = 940174442A777BE400BA34D2;
			packageReferences = (
				948FD8CD2B4D090E00A9B754 /* XCLocalSwiftPackageReference "iOSDemoAppPackage" */,
				942F83682B52357400A0CD1A /* XCLocalSwiftPackageReference "../../firebase-kmp" */,
			);
			productRefGroup = 9401744E2A777BE400BA34D2 /* Products */;
			projectDirPath = "";
			projectRoot = "";
			targets = (
				9401744C2A777BE400BA34D2 /* iOSDemoApp */,
				9401745D2A777BE500BA34D2 /* iOSDemoAppTests */,
				940174672A777BE500BA34D2 /* iOSDemoAppUITests */,
			);
		};
/* End PBXProject section */

/* Begin PBXResourcesBuildPhase section */
		9401744B2A777BE400BA34D2 /* Resources */ = {
			isa = PBXResourcesBuildPhase;
			buildActionMask = 2147483647;
			files = (
				940174592A777BE500BA34D2 /* Preview Assets.xcassets in Resources */,
				94D9FB7B2B32A74C004396A2 /* GoogleService-Info.plist in Resources */,
				940174552A777BE500BA34D2 /* Assets.xcassets in Resources */,
			);
			runOnlyForDeploymentPostprocessing = 0;
		};
		9401745C2A777BE500BA34D2 /* Resources */ = {
			isa = PBXResourcesBuildPhase;
			buildActionMask = 2147483647;
			files = (
				94D9FB7C2B32A74C004396A2 /* GoogleService-Info.plist in Resources */,
			);
			runOnlyForDeploymentPostprocessing = 0;
		};
		940174662A777BE500BA34D2 /* Resources */ = {
			isa = PBXResourcesBuildPhase;
			buildActionMask = 2147483647;
			files = (
				94D9FB7D2B32A74C004396A2 /* GoogleService-Info.plist in Resources */,
			);
			runOnlyForDeploymentPostprocessing = 0;
		};
/* End PBXResourcesBuildPhase section */

/* Begin PBXShellScriptBuildPhase section */
		94477A4E2C0703C300EF5670 /* Compile Kotlin Framework */ = {
			isa = PBXShellScriptBuildPhase;
			buildActionMask = 2147483647;
			files = (
			);
			inputFileListPaths = (
			);
			inputPaths = (
			);
			name = "Compile Kotlin Framework";
			outputFileListPaths = (
			);
			outputPaths = (
			);
			runOnlyForDeploymentPostprocessing = 0;
			shellPath = /bin/sh;
			shellScript = "if [ \"YES\" = \"$OVERRIDE_KOTLIN_BUILD_IDE_SUPPORTED\" ]; then\n  echo \"Skipping Gradle build task invocation due to OVERRIDE_KOTLIN_BUILD_IDE_SUPPORTED environment variable set to \\\"YES\\\"\"\n  exit 0\nfi\ncd \"$SRCROOT/..\"\n./gradlew :composeApp:embedAndSignAppleFrameworkForXcode\n";
		};
/* End PBXShellScriptBuildPhase section */

/* Begin PBXSourcesBuildPhase section */
		940174492A777BE400BA34D2 /* Sources */ = {
			isa = PBXSourcesBuildPhase;
			buildActionMask = 2147483647;
			files = (
				940174532A777BE400BA34D2 /* ContentView.swift in Sources */,
				940174512A777BE400BA34D2 /* MacaoDemoApp.swift in Sources */,
			);
			runOnlyForDeploymentPostprocessing = 0;
		};
		9401745A2A777BE500BA34D2 /* Sources */ = {
			isa = PBXSourcesBuildPhase;
			buildActionMask = 2147483647;
			files = (
				940174632A777BE500BA34D2 /* iOSDemoAppTests.swift in Sources */,
			);
			runOnlyForDeploymentPostprocessing = 0;
		};
		940174642A777BE500BA34D2 /* Sources */ = {
			isa = PBXSourcesBuildPhase;
			buildActionMask = 2147483647;
			files = (
				9401746D2A777BE500BA34D2 /* iOSDemoAppUITests.swift in Sources */,
				9401746F2A777BE500BA34D2 /* iOSDemoAppUITestsLaunchTests.swift in Sources */,
			);
			runOnlyForDeploymentPostprocessing = 0;
		};
/* End PBXSourcesBuildPhase section */

/* Begin PBXTargetDependency section */
		940174602A777BE500BA34D2 /* PBXTargetDependency */ = {
			isa = PBXTargetDependency;
			target = 9401744C2A777BE400BA34D2 /* iOSDemoApp */;
			targetProxy = 9401745F2A777BE500BA34D2 /* PBXContainerItemProxy */;
		};
		9401746A2A777BE500BA34D2 /* PBXTargetDependency */ = {
			isa = PBXTargetDependency;
			target = 9401744C2A777BE400BA34D2 /* iOSDemoApp */;
			targetProxy = 940174692A777BE500BA34D2 /* PBXContainerItemProxy */;
		};
/* End PBXTargetDependency section */

/* Begin XCBuildConfiguration section */
		940174702A777BE500BA34D2 /* Debug */ = {
			isa = XCBuildConfiguration;
			buildSettings = {
				ALWAYS_SEARCH_USER_PATHS = NO;
				CLANG_ANALYZER_NONNULL = YES;
				CLANG_ANALYZER_NUMBER_OBJECT_CONVERSION = YES_AGGRESSIVE;
				CLANG_CXX_LANGUAGE_STANDARD = "gnu++20";
				CLANG_ENABLE_MODULES = YES;
				CLANG_ENABLE_OBJC_ARC = YES;
				CLANG_ENABLE_OBJC_WEAK = YES;
				CLANG_WARN_BLOCK_CAPTURE_AUTORELEASING = YES;
				CLANG_WARN_BOOL_CONVERSION = YES;
				CLANG_WARN_COMMA = YES;
				CLANG_WARN_CONSTANT_CONVERSION = YES;
				CLANG_WARN_DEPRECATED_OBJC_IMPLEMENTATIONS = YES;
				CLANG_WARN_DIRECT_OBJC_ISA_USAGE = YES_ERROR;
				CLANG_WARN_DOCUMENTATION_COMMENTS = YES;
				CLANG_WARN_EMPTY_BODY = YES;
				CLANG_WARN_ENUM_CONVERSION = YES;
				CLANG_WARN_INFINITE_RECURSION = YES;
				CLANG_WARN_INT_CONVERSION = YES;
				CLANG_WARN_NON_LITERAL_NULL_CONVERSION = YES;
				CLANG_WARN_OBJC_IMPLICIT_RETAIN_SELF = YES;
				CLANG_WARN_OBJC_LITERAL_CONVERSION = YES;
				CLANG_WARN_OBJC_ROOT_CLASS = YES_ERROR;
				CLANG_WARN_QUOTED_INCLUDE_IN_FRAMEWORK_HEADER = YES;
				CLANG_WARN_RANGE_LOOP_ANALYSIS = YES;
				CLANG_WARN_STRICT_PROTOTYPES = YES;
				CLANG_WARN_SUSPICIOUS_MOVE = YES;
				CLANG_WARN_UNGUARDED_AVAILABILITY = YES_AGGRESSIVE;
				CLANG_WARN_UNREACHABLE_CODE = YES;
				CLANG_WARN__DUPLICATE_METHOD_MATCH = YES;
				COPY_PHASE_STRIP = NO;
				DEBUG_INFORMATION_FORMAT = dwarf;
				ENABLE_STRICT_OBJC_MSGSEND = YES;
				ENABLE_TESTABILITY = YES;
				GCC_C_LANGUAGE_STANDARD = gnu11;
				GCC_DYNAMIC_NO_PIC = NO;
				GCC_NO_COMMON_BLOCKS = YES;
				GCC_OPTIMIZATION_LEVEL = 0;
				GCC_PREPROCESSOR_DEFINITIONS = (
					"DEBUG=1",
					"$(inherited)",
				);
				GCC_WARN_64_TO_32_BIT_CONVERSION = YES;
				GCC_WARN_ABOUT_RETURN_TYPE = YES_ERROR;
				GCC_WARN_UNDECLARED_SELECTOR = YES;
				GCC_WARN_UNINITIALIZED_AUTOS = YES_AGGRESSIVE;
				GCC_WARN_UNUSED_FUNCTION = YES;
				GCC_WARN_UNUSED_VARIABLE = YES;
				MTL_ENABLE_DEBUG_INFO = INCLUDE_SOURCE;
				MTL_FAST_MATH = YES;
				ONLY_ACTIVE_ARCH = YES;
				SWIFT_ACTIVE_COMPILATION_CONDITIONS = DEBUG;
				SWIFT_OPTIMIZATION_LEVEL = "-Onone";
			};
			name = Debug;
		};
		940174712A777BE500BA34D2 /* Release */ = {
			isa = XCBuildConfiguration;
			buildSettings = {
				ALWAYS_SEARCH_USER_PATHS = NO;
				CLANG_ANALYZER_NONNULL = YES;
				CLANG_ANALYZER_NUMBER_OBJECT_CONVERSION = YES_AGGRESSIVE;
				CLANG_CXX_LANGUAGE_STANDARD = "gnu++20";
				CLANG_ENABLE_MODULES = YES;
				CLANG_ENABLE_OBJC_ARC = YES;
				CLANG_ENABLE_OBJC_WEAK = YES;
				CLANG_WARN_BLOCK_CAPTURE_AUTORELEASING = YES;
				CLANG_WARN_BOOL_CONVERSION = YES;
				CLANG_WARN_COMMA = YES;
				CLANG_WARN_CONSTANT_CONVERSION = YES;
				CLANG_WARN_DEPRECATED_OBJC_IMPLEMENTATIONS = YES;
				CLANG_WARN_DIRECT_OBJC_ISA_USAGE = YES_ERROR;
				CLANG_WARN_DOCUMENTATION_COMMENTS = YES;
				CLANG_WARN_EMPTY_BODY = YES;
				CLANG_WARN_ENUM_CONVERSION = YES;
				CLANG_WARN_INFINITE_RECURSION = YES;
				CLANG_WARN_INT_CONVERSION = YES;
				CLANG_WARN_NON_LITERAL_NULL_CONVERSION = YES;
				CLANG_WARN_OBJC_IMPLICIT_RETAIN_SELF = YES;
				CLANG_WARN_OBJC_LITERAL_CONVERSION = YES;
				CLANG_WARN_OBJC_ROOT_CLASS = YES_ERROR;
				CLANG_WARN_QUOTED_INCLUDE_IN_FRAMEWORK_HEADER = YES;
				CLANG_WARN_RANGE_LOOP_ANALYSIS = YES;
				CLANG_WARN_STRICT_PROTOTYPES = YES;
				CLANG_WARN_SUSPICIOUS_MOVE = YES;
				CLANG_WARN_UNGUARDED_AVAILABILITY = YES_AGGRESSIVE;
				CLANG_WARN_UNREACHABLE_CODE = YES;
				CLANG_WARN__DUPLICATE_METHOD_MATCH = YES;
				COPY_PHASE_STRIP = NO;
				DEBUG_INFORMATION_FORMAT = "dwarf-with-dsym";
				ENABLE_NS_ASSERTIONS = NO;
				ENABLE_STRICT_OBJC_MSGSEND = YES;
				GCC_C_LANGUAGE_STANDARD = gnu11;
				GCC_NO_COMMON_BLOCKS = YES;
				GCC_WARN_64_TO_32_BIT_CONVERSION = YES;
				GCC_WARN_ABOUT_RETURN_TYPE = YES_ERROR;
				GCC_WARN_UNDECLARED_SELECTOR = YES;
				GCC_WARN_UNINITIALIZED_AUTOS = YES_AGGRESSIVE;
				GCC_WARN_UNUSED_FUNCTION = YES;
				GCC_WARN_UNUSED_VARIABLE = YES;
				MTL_ENABLE_DEBUG_INFO = NO;
				MTL_FAST_MATH = YES;
				SWIFT_COMPILATION_MODE = wholemodule;
				SWIFT_OPTIMIZATION_LEVEL = "-O";
			};
			name = Release;
		};
		940174732A777BE500BA34D2 /* Debug */ = {
			isa = XCBuildConfiguration;
			buildSettings = {
				ASSETCATALOG_COMPILER_APPICON_NAME = AppIcon;
				ASSETCATALOG_COMPILER_GLOBAL_ACCENT_COLOR_NAME = AccentColor;
				CODE_SIGN_ENTITLEMENTS = iOSDemoApp/iOSDemoApp.entitlements;
				CODE_SIGN_STYLE = Automatic;
				CURRENT_PROJECT_VERSION = 1;
				DEVELOPMENT_ASSET_PATHS = "\"iOSDemoApp/Preview Content\"";
				DEVELOPMENT_TEAM = JHRZ3PC8R8;
				ENABLE_HARDENED_RUNTIME = YES;
				ENABLE_PREVIEWS = YES;
				FRAMEWORK_SEARCH_PATHS = "";
				GENERATE_INFOPLIST_FILE = YES;
				INFOPLIST_FILE = iOSDemoApp/Info.plist;
				"INFOPLIST_KEY_UIApplicationSceneManifest_Generation[sdk=iphoneos*]" = YES;
				"INFOPLIST_KEY_UIApplicationSceneManifest_Generation[sdk=iphonesimulator*]" = YES;
				"INFOPLIST_KEY_UIApplicationSupportsIndirectInputEvents[sdk=iphoneos*]" = YES;
				"INFOPLIST_KEY_UIApplicationSupportsIndirectInputEvents[sdk=iphonesimulator*]" = YES;
				"INFOPLIST_KEY_UILaunchScreen_Generation[sdk=iphoneos*]" = YES;
				"INFOPLIST_KEY_UILaunchScreen_Generation[sdk=iphonesimulator*]" = YES;
				"INFOPLIST_KEY_UIStatusBarStyle[sdk=iphoneos*]" = UIStatusBarStyleDefault;
				"INFOPLIST_KEY_UIStatusBarStyle[sdk=iphonesimulator*]" = UIStatusBarStyleDefault;
				INFOPLIST_KEY_UISupportedInterfaceOrientations_iPad = "UIInterfaceOrientationPortrait UIInterfaceOrientationPortraitUpsideDown UIInterfaceOrientationLandscapeLeft UIInterfaceOrientationLandscapeRight";
				INFOPLIST_KEY_UISupportedInterfaceOrientations_iPhone = "UIInterfaceOrientationPortrait UIInterfaceOrientationLandscapeLeft UIInterfaceOrientationLandscapeRight";
				IPHONEOS_DEPLOYMENT_TARGET = 16.4;
				LD_RUNPATH_SEARCH_PATHS = "@executable_path/Frameworks";
				"LD_RUNPATH_SEARCH_PATHS[sdk=macosx*]" = "@executable_path/../Frameworks";
				MACOSX_DEPLOYMENT_TARGET = 13.3;
				MARKETING_VERSION = 1.0;
				OTHER_LDFLAGS = (
					"$(inherited)",
					"-ObjC",
					"-l\"c++\"",
					"-lsqlite3",
				);
				PRODUCT_BUNDLE_IDENTIFIER = com.pablichj.incubator.uistate3.iOSDemoApp;
				PRODUCT_NAME = "$(TARGET_NAME)";
				SDKROOT = auto;
				SUPPORTED_PLATFORMS = "iphoneos iphonesimulator macosx";
				SWIFT_EMIT_LOC_STRINGS = YES;
				SWIFT_VERSION = 5.0;
				TARGETED_DEVICE_FAMILY = "1,2";
			};
			name = Debug;
		};
		940174742A777BE500BA34D2 /* Release */ = {
			isa = XCBuildConfiguration;
			buildSettings = {
				ASSETCATALOG_COMPILER_APPICON_NAME = AppIcon;
				ASSETCATALOG_COMPILER_GLOBAL_ACCENT_COLOR_NAME = AccentColor;
				CODE_SIGN_ENTITLEMENTS = iOSDemoApp/iOSDemoApp.entitlements;
				CODE_SIGN_STYLE = Automatic;
				CURRENT_PROJECT_VERSION = 1;
				DEVELOPMENT_ASSET_PATHS = "\"iOSDemoApp/Preview Content\"";
				DEVELOPMENT_TEAM = JHRZ3PC8R8;
				ENABLE_HARDENED_RUNTIME = YES;
				ENABLE_PREVIEWS = YES;
				FRAMEWORK_SEARCH_PATHS = "";
				GENERATE_INFOPLIST_FILE = YES;
				INFOPLIST_FILE = iOSDemoApp/Info.plist;
				"INFOPLIST_KEY_UIApplicationSceneManifest_Generation[sdk=iphoneos*]" = YES;
				"INFOPLIST_KEY_UIApplicationSceneManifest_Generation[sdk=iphonesimulator*]" = YES;
				"INFOPLIST_KEY_UIApplicationSupportsIndirectInputEvents[sdk=iphoneos*]" = YES;
				"INFOPLIST_KEY_UIApplicationSupportsIndirectInputEvents[sdk=iphonesimulator*]" = YES;
				"INFOPLIST_KEY_UILaunchScreen_Generation[sdk=iphoneos*]" = YES;
				"INFOPLIST_KEY_UILaunchScreen_Generation[sdk=iphonesimulator*]" = YES;
				"INFOPLIST_KEY_UIStatusBarStyle[sdk=iphoneos*]" = UIStatusBarStyleDefault;
				"INFOPLIST_KEY_UIStatusBarStyle[sdk=iphonesimulator*]" = UIStatusBarStyleDefault;
				INFOPLIST_KEY_UISupportedInterfaceOrientations_iPad = "UIInterfaceOrientationPortrait UIInterfaceOrientationPortraitUpsideDown UIInterfaceOrientationLandscapeLeft UIInterfaceOrientationLandscapeRight";
				INFOPLIST_KEY_UISupportedInterfaceOrientations_iPhone = "UIInterfaceOrientationPortrait UIInterfaceOrientationLandscapeLeft UIInterfaceOrientationLandscapeRight";
				IPHONEOS_DEPLOYMENT_TARGET = 16.4;
				LD_RUNPATH_SEARCH_PATHS = "@executable_path/Frameworks";
				"LD_RUNPATH_SEARCH_PATHS[sdk=macosx*]" = "@executable_path/../Frameworks";
				MACOSX_DEPLOYMENT_TARGET = 13.3;
				MARKETING_VERSION = 1.0;
				OTHER_LDFLAGS = (
					"$(inherited)",
					"-ObjC",
					"-l\"c++\"",
					"-lsqlite3",
				);
				PRODUCT_BUNDLE_IDENTIFIER = com.pablichj.incubator.uistate3.iOSDemoApp;
				PRODUCT_NAME = "$(TARGET_NAME)";
				SDKROOT = auto;
				SUPPORTED_PLATFORMS = "iphoneos iphonesimulator macosx";
				SWIFT_EMIT_LOC_STRINGS = YES;
				SWIFT_VERSION = 5.0;
				TARGETED_DEVICE_FAMILY = "1,2";
			};
			name = Release;
		};
		940174762A777BE500BA34D2 /* Debug */ = {
			isa = XCBuildConfiguration;
			buildSettings = {
				ALWAYS_EMBED_SWIFT_STANDARD_LIBRARIES = YES;
				BUNDLE_LOADER = "$(TEST_HOST)";
				CODE_SIGN_STYLE = Automatic;
				CURRENT_PROJECT_VERSION = 1;
				DEVELOPMENT_TEAM = "${TEAM_ID}";
				GENERATE_INFOPLIST_FILE = YES;
				IPHONEOS_DEPLOYMENT_TARGET = 16.4;
				MACOSX_DEPLOYMENT_TARGET = 13.3;
				MARKETING_VERSION = 1.0;
				PRODUCT_BUNDLE_IDENTIFIER = com.pablichj.incubator.uistate3.iOSDemoAppTests;
				PRODUCT_NAME = "$(TARGET_NAME)";
				SDKROOT = auto;
				SUPPORTED_PLATFORMS = "iphoneos iphonesimulator macosx";
				SWIFT_EMIT_LOC_STRINGS = NO;
				SWIFT_VERSION = 5.0;
				TARGETED_DEVICE_FAMILY = "1,2";
				TEST_HOST = "$(BUILT_PRODUCTS_DIR)/iOSDemoApp.app/$(BUNDLE_EXECUTABLE_FOLDER_PATH)/iOSDemoApp";
			};
			name = Debug;
		};
		940174772A777BE500BA34D2 /* Release */ = {
			isa = XCBuildConfiguration;
			buildSettings = {
				ALWAYS_EMBED_SWIFT_STANDARD_LIBRARIES = YES;
				BUNDLE_LOADER = "$(TEST_HOST)";
				CODE_SIGN_STYLE = Automatic;
				CURRENT_PROJECT_VERSION = 1;
				DEVELOPMENT_TEAM = "${TEAM_ID}";
				GENERATE_INFOPLIST_FILE = YES;
				IPHONEOS_DEPLOYMENT_TARGET = 16.4;
				MACOSX_DEPLOYMENT_TARGET = 13.3;
				MARKETING_VERSION = 1.0;
				PRODUCT_BUNDLE_IDENTIFIER = com.pablichj.incubator.uistate3.iOSDemoAppTests;
				PRODUCT_NAME = "$(TARGET_NAME)";
				SDKROOT = auto;
				SUPPORTED_PLATFORMS = "iphoneos iphonesimulator macosx";
				SWIFT_EMIT_LOC_STRINGS = NO;
				SWIFT_VERSION = 5.0;
				TARGETED_DEVICE_FAMILY = "1,2";
				TEST_HOST = "$(BUILT_PRODUCTS_DIR)/iOSDemoApp.app/$(BUNDLE_EXECUTABLE_FOLDER_PATH)/iOSDemoApp";
			};
			name = Release;
		};
		940174792A777BE500BA34D2 /* Debug */ = {
			isa = XCBuildConfiguration;
			buildSettings = {
				ALWAYS_EMBED_SWIFT_STANDARD_LIBRARIES = YES;
				CODE_SIGN_STYLE = Automatic;
				CURRENT_PROJECT_VERSION = 1;
				DEVELOPMENT_TEAM = "${TEAM_ID}";
				GENERATE_INFOPLIST_FILE = YES;
				IPHONEOS_DEPLOYMENT_TARGET = 16.4;
				MACOSX_DEPLOYMENT_TARGET = 13.3;
				MARKETING_VERSION = 1.0;
				PRODUCT_BUNDLE_IDENTIFIER = com.pablichj.incubator.uistate3.iOSDemoAppUITests;
				PRODUCT_NAME = "$(TARGET_NAME)";
				SDKROOT = auto;
				SUPPORTED_PLATFORMS = "iphoneos iphonesimulator macosx";
				SWIFT_EMIT_LOC_STRINGS = NO;
				SWIFT_VERSION = 5.0;
				TARGETED_DEVICE_FAMILY = "1,2";
				TEST_TARGET_NAME = iOSDemoApp;
			};
			name = Debug;
		};
		9401747A2A777BE500BA34D2 /* Release */ = {
			isa = XCBuildConfiguration;
			buildSettings = {
				ALWAYS_EMBED_SWIFT_STANDARD_LIBRARIES = YES;
				CODE_SIGN_STYLE = Automatic;
				CURRENT_PROJECT_VERSION = 1;
				DEVELOPMENT_TEAM = "${TEAM_ID}";
				GENERATE_INFOPLIST_FILE = YES;
				IPHONEOS_DEPLOYMENT_TARGET = 16.4;
				MACOSX_DEPLOYMENT_TARGET = 13.3;
				MARKETING_VERSION = 1.0;
				PRODUCT_BUNDLE_IDENTIFIER = com.pablichj.incubator.uistate3.iOSDemoAppUITests;
				PRODUCT_NAME = "$(TARGET_NAME)";
				SDKROOT = auto;
				SUPPORTED_PLATFORMS = "iphoneos iphonesimulator macosx";
				SWIFT_EMIT_LOC_STRINGS = NO;
				SWIFT_VERSION = 5.0;
				TARGETED_DEVICE_FAMILY = "1,2";
				TEST_TARGET_NAME = iOSDemoApp;
			};
			name = Release;
		};
/* End XCBuildConfiguration section */

/* Begin XCConfigurationList section */
		940174482A777BE400BA34D2 /* Build configuration list for PBXProject "iOSDemoApp" */ = {
			isa = XCConfigurationList;
			buildConfigurations = (
				940174702A777BE500BA34D2 /* Debug */,
				940174712A777BE500BA34D2 /* Release */,
			);
			defaultConfigurationIsVisible = 0;
			defaultConfigurationName = Release;
		};
		940174722A777BE500BA34D2 /* Build configuration list for PBXNativeTarget "iOSDemoApp" */ = {
			isa = XCConfigurationList;
			buildConfigurations = (
				940174732A777BE500BA34D2 /* Debug */,
				940174742A777BE500BA34D2 /* Release */,
			);
			defaultConfigurationIsVisible = 0;
			defaultConfigurationName = Release;
		};
		940174752A777BE500BA34D2 /* Build configuration list for PBXNativeTarget "iOSDemoAppTests" */ = {
			isa = XCConfigurationList;
			buildConfigurations = (
				940174762A777BE500BA34D2 /* Debug */,
				940174772A777BE500BA34D2 /* Release */,
			);
			defaultConfigurationIsVisible = 0;
			defaultConfigurationName = Release;
		};
		940174782A777BE500BA34D2 /* Build configuration list for PBXNativeTarget "iOSDemoAppUITests" */ = {
			isa = XCConfigurationList;
			buildConfigurations = (
				940174792A777BE500BA34D2 /* Debug */,
				9401747A2A777BE500BA34D2 /* Release */,
			);
			defaultConfigurationIsVisible = 0;
			defaultConfigurationName = Release;
		};
/* End XCConfigurationList section */

/* Begin XCLocalSwiftPackageReference section */
		942F83682B52357400A0CD1A /* XCLocalSwiftPackageReference "../../firebase-kmp" */ = {
			isa = XCLocalSwiftPackageReference;
			relativePath = "../../firebase-kmp";
		};
		948FD8CD2B4D090E00A9B754 /* XCLocalSwiftPackageReference "iOSDemoAppPackage" */ = {
			isa = XCLocalSwiftPackageReference;
			relativePath = iOSDemoAppPackage;
		};
/* End XCLocalSwiftPackageReference section */

/* Begin XCSwiftPackageProductDependency section */
		948FD8CE2B4D0A3600A9B754 /* iOSDemoAppPackage */ = {
			isa = XCSwiftPackageProductDependency;
			package = 948FD8CD2B4D090E00A9B754 /* XCLocalSwiftPackageReference "iOSDemoAppPackage" */;
			productName = iOSDemoAppPackage;
		};
		94D867132C006A4F00CA8E7F /* FirebaseAuthKmp */ = {
			isa = XCSwiftPackageProductDependency;
			package = 942F83682B52357400A0CD1A /* XCLocalSwiftPackageReference "../../firebase-kmp" */;
			productName = FirebaseAuthKmp;
		};
/* End XCSwiftPackageProductDependency section */
	};
	rootObject = 940174452A777BE400BA34D2 /* Project object */;
}
